
Microsoft Visual Studio Solution File, Format Version 12.00
# Visual Studio Version 17
VisualStudioVersion = 17.14.36212.18 d17.14
MinimumVisualStudioVersion = 10.0.40219.1
Project("{FAE04EC0-301F-11D3-BF4B-00C04F79EFBC}") = "PoC.UnitTests", "PoC.UnitTests\PoC.UnitTests.csproj", "{13EB5F79-ABDF-4A0F-81E1-34325DAD18F8}"
EndProject
Project("{FAE04EC0-301F-11D3-BF4B-00C04F79EFBC}") = "UnitTests", "UnitTests\UnitTests.csproj", "{EB6378FD-BDE9-40C7-8C36-B0EE3796FFD0}"
EndProject
Global
	GlobalSection(SolutionConfigurationPlatforms) = preSolution
		Debug|Any CPU = Debug|Any CPU
		Release|Any CPU = Release|Any CPU
	EndGlobalSection
	GlobalSection(ProjectConfigurationPlatforms) = postSolution
		{13EB5F79-ABDF-4A0F-81E1-34325DAD18F8}.Debug|Any CPU.ActiveCfg = Debug|Any CPU
		{13EB5F79-ABDF-4A0F-81E1-34325DAD18F8}.Debug|Any CPU.Build.0 = Debug|Any CPU
		{13EB5F79-ABDF-4A0F-81E1-34325DAD18F8}.Release|Any CPU.ActiveCfg = Release|Any CPU
		{13EB5F79-ABDF-4A0F-81E1-34325DAD18F8}.Release|Any CPU.Build.0 = Release|Any CPU
		{EB6378FD-BDE9-40C7-8C36-B0EE3796FFD0}.Debug|Any CPU.ActiveCfg = Debug|Any CPU
		{EB6378FD-BDE9-40C7-8C36-B0EE3796FFD0}.Debug|Any CPU.Build.0 = Debug|Any CPU
		{EB6378FD-BDE9-40C7-8C36-B0EE3796FFD0}.Release|Any CPU.ActiveCfg = Release|Any CPU
		{EB6378FD-BDE9-40C7-8C36-B0EE3796FFD0}.Release|Any CPU.Build.0 = Release|Any CPU
	EndGlobalSection
	GlobalSection(SolutionProperties) = preSolution
		HideSolutionNode = FALSE
	EndGlobalSection
	GlobalSection(ExtensibilityGlobals) = postSolution
		SolutionGuid = {F9E6B745-C55E-4078-A16A-FD469528525C}
	EndGlobalSection
EndGlobal
